// !$*UTF8*$!
{
	archiveVersion = 1;
	classes = {
	};
	objectVersion = 46;
	objects = {

/* Begin PBXBuildFile section */
		490048301C09358900CD08E0 /* UICollectionView+Extension.swift in Sources */ = {isa = PBXBuildFile; fileRef = 4900482F1C09358900CD08E0 /* UICollectionView+Extension.swift */; };
		490048321C093A3D00CD08E0 /* NSIndexPath+Extension.swift in Sources */ = {isa = PBXBuildFile; fileRef = 490048311C093A3D00CD08E0 /* NSIndexPath+Extension.swift */; };
		491CCD631C0A4E130026192D /* String+Extension.swift in Sources */ = {isa = PBXBuildFile; fileRef = 491CCD621C0A4E130026192D /* String+Extension.swift */; };
		491CCD641C0A4E420026192D /* String+Extension.swift in Sources */ = {isa = PBXBuildFile; fileRef = 491CCD621C0A4E130026192D /* String+Extension.swift */; };
		491CCD651C0A4E430026192D /* String+Extension.swift in Sources */ = {isa = PBXBuildFile; fileRef = 491CCD621C0A4E130026192D /* String+Extension.swift */; };
		493CAB7A1C0A270000D8F9A1 /* Puzzle.swift in Sources */ = {isa = PBXBuildFile; fileRef = 4981BA641C0891C3005D83E4 /* Puzzle.swift */; };
		493CAB7B1C0A293B00D8F9A1 /* Constants.swift in Sources */ = {isa = PBXBuildFile; fileRef = 4981BA6A1C0891FB005D83E4 /* Constants.swift */; };
		496E16101C09E241001CB058 /* Hintable.swift in Sources */ = {isa = PBXBuildFile; fileRef = 496E160F1C09E241001CB058 /* Hintable.swift */; };
		496E16111C09E24A001CB058 /* Hintable.swift in Sources */ = {isa = PBXBuildFile; fileRef = 496E160F1C09E241001CB058 /* Hintable.swift */; };
		496E16371C0A23CE001CB058 /* TVServices.framework in Frameworks */ = {isa = PBXBuildFile; fileRef = 496E16361C0A23CE001CB058 /* TVServices.framework */; };
		496E163A1C0A23CE001CB058 /* ServiceProvider.swift in Sources */ = {isa = PBXBuildFile; fileRef = 496E16391C0A23CE001CB058 /* ServiceProvider.swift */; };
		496E163E1C0A23CE001CB058 /* TopShelf.appex in Embed App Extensions */ = {isa = PBXBuildFile; fileRef = 496E16341C0A23CE001CB058 /* TopShelf.appex */; settings = {ATTRIBUTES = (RemoveHeadersOnCopy, ); }; };
		496E16441C0A2541001CB058 /* Info.plist in Resources */ = {isa = PBXBuildFile; fileRef = 496E16431C0A2541001CB058 /* Info.plist */; };
		4981BA651C0891C3005D83E4 /* Puzzle.swift in Sources */ = {isa = PBXBuildFile; fileRef = 4981BA641C0891C3005D83E4 /* Puzzle.swift */; };
		4981BA671C0891E8005D83E4 /* UIImage+Extension.swift in Sources */ = {isa = PBXBuildFile; fileRef = 4981BA661C0891E8005D83E4 /* UIImage+Extension.swift */; };
		4981BA691C0891EF005D83E4 /* Math.swift in Sources */ = {isa = PBXBuildFile; fileRef = 4981BA681C0891EF005D83E4 /* Math.swift */; };
		4981BA6B1C0891FB005D83E4 /* Constants.swift in Sources */ = {isa = PBXBuildFile; fileRef = 4981BA6A1C0891FB005D83E4 /* Constants.swift */; };
		4981BA6C1C0891FB005D83E4 /* Constants.swift in Sources */ = {isa = PBXBuildFile; fileRef = 4981BA6A1C0891FB005D83E4 /* Constants.swift */; };
		4981BA6D1C089202005D83E4 /* Math.swift in Sources */ = {isa = PBXBuildFile; fileRef = 4981BA681C0891EF005D83E4 /* Math.swift */; };
		4981BA6E1C089204005D83E4 /* UIImage+Extension.swift in Sources */ = {isa = PBXBuildFile; fileRef = 4981BA661C0891E8005D83E4 /* UIImage+Extension.swift */; };
		4981BA6F1C089207005D83E4 /* Puzzle.swift in Sources */ = {isa = PBXBuildFile; fileRef = 4981BA641C0891C3005D83E4 /* Puzzle.swift */; };
		4981BA721C08923A005D83E4 /* Assets.xcassets in Resources */ = {isa = PBXBuildFile; fileRef = 4981BA711C08923A005D83E4 /* Assets.xcassets */; };
		4981BA731C08923A005D83E4 /* Assets.xcassets in Resources */ = {isa = PBXBuildFile; fileRef = 4981BA711C08923A005D83E4 /* Assets.xcassets */; };
		4981BA7A1C0892A0005D83E4 /* AppDelegate.swift in Sources */ = {isa = PBXBuildFile; fileRef = 4981BA791C0892A0005D83E4 /* AppDelegate.swift */; };
		4981BA7D1C0893FA005D83E4 /* GameViewController.swift in Sources */ = {isa = PBXBuildFile; fileRef = 4981BA7B1C0893E9005D83E4 /* GameViewController.swift */; };
		4981BA7F1C089411005D83E4 /* PuzzleCollectionViewCell.swift in Sources */ = {isa = PBXBuildFile; fileRef = 4981BA7E1C089411005D83E4 /* PuzzleCollectionViewCell.swift */; };
		49ADD97C1C024C54008D9B91 /* Main.storyboard in Resources */ = {isa = PBXBuildFile; fileRef = 49ADD97A1C024C54008D9B91 /* Main.storyboard */; };
		49ADD97E1C024C54008D9B91 /* Assets.xcassets in Resources */ = {isa = PBXBuildFile; fileRef = 49ADD97D1C024C54008D9B91 /* Assets.xcassets */; };
		49ADD9911C025622008D9B91 /* PuzzleCollectionViewCell.swift in Sources */ = {isa = PBXBuildFile; fileRef = 49ADD9901C025622008D9B91 /* PuzzleCollectionViewCell.swift */; };
		49C6EAA51C09B3E700F142FF /* Int+Extension.swift in Sources */ = {isa = PBXBuildFile; fileRef = 49C6EAA41C09B3E700F142FF /* Int+Extension.swift */; };
		49C6EAE41C09DDA700F142FF /* TouchButton.swift in Sources */ = {isa = PBXBuildFile; fileRef = 49C6EAE31C09DDA700F142FF /* TouchButton.swift */; };
		49C6EAE61C09DDE400F142FF /* NSIndexPath+Extension.swift in Sources */ = {isa = PBXBuildFile; fileRef = 490048311C093A3D00CD08E0 /* NSIndexPath+Extension.swift */; };
		49C6EAE71C09DDE600F142FF /* UICollectionView+Extension.swift in Sources */ = {isa = PBXBuildFile; fileRef = 4900482F1C09358900CD08E0 /* UICollectionView+Extension.swift */; };
		49C6EAE81C09DDE800F142FF /* Int+Extension.swift in Sources */ = {isa = PBXBuildFile; fileRef = 49C6EAA41C09B3E700F142FF /* Int+Extension.swift */; };
		49C6EAEA1C09DE4500F142FF /* TouchButtonDelegate.swift in Sources */ = {isa = PBXBuildFile; fileRef = 49C6EAE91C09DE4500F142FF /* TouchButtonDelegate.swift */; };
		49CF66C51C088D97007A9A8A /* GameViewController.swift in Sources */ = {isa = PBXBuildFile; fileRef = 49CF66C41C088D97007A9A8A /* GameViewController.swift */; };
		49CF66D21C089098007A9A8A /* AppDelegate.swift in Sources */ = {isa = PBXBuildFile; fileRef = 49CF66D11C089098007A9A8A /* AppDelegate.swift */; };
		49CF66D71C089098007A9A8A /* Main.storyboard in Resources */ = {isa = PBXBuildFile; fileRef = 49CF66D51C089098007A9A8A /* Main.storyboard */; };
		49CF66D91C089098007A9A8A /* Assets.xcassets in Resources */ = {isa = PBXBuildFile; fileRef = 49CF66D81C089098007A9A8A /* Assets.xcassets */; };
		49CF66DC1C089098007A9A8A /* LaunchScreen.storyboard in Resources */ = {isa = PBXBuildFile; fileRef = 49CF66DA1C089098007A9A8A /* LaunchScreen.storyboard */; };
/* End PBXBuildFile section */

/* Begin PBXContainerItemProxy section */
		496E163C1C0A23CE001CB058 /* PBXContainerItemProxy */ = {
			isa = PBXContainerItemProxy;
			containerPortal = 49ADD9651C024C53008D9B91 /* Project object */;
			proxyType = 1;
			remoteGlobalIDString = 496E16331C0A23CE001CB058;
			remoteInfo = TopShelf;
		};
/* End PBXContainerItemProxy section */

/* Begin PBXCopyFilesBuildPhase section */
		496E16421C0A23CE001CB058 /* Embed App Extensions */ = {
			isa = PBXCopyFilesBuildPhase;
			buildActionMask = 2147483647;
			dstPath = "";
			dstSubfolderSpec = 13;
			files = (
				496E163E1C0A23CE001CB058 /* TopShelf.appex in Embed App Extensions */,
			);
			name = "Embed App Extensions";
			runOnlyForDeploymentPostprocessing = 0;
		};
/* End PBXCopyFilesBuildPhase section */

/* Begin PBXFileReference section */
		4900482F1C09358900CD08E0 /* UICollectionView+Extension.swift */ = {isa = PBXFileReference; fileEncoding = 4; lastKnownFileType = sourcecode.swift; name = "UICollectionView+Extension.swift"; path = "Shared/UICollectionView+Extension.swift"; sourceTree = "<group>"; };
		490048311C093A3D00CD08E0 /* NSIndexPath+Extension.swift */ = {isa = PBXFileReference; fileEncoding = 4; lastKnownFileType = sourcecode.swift; name = "NSIndexPath+Extension.swift"; path = "Shared/NSIndexPath+Extension.swift"; sourceTree = "<group>"; };
		491CCD621C0A4E130026192D /* String+Extension.swift */ = {isa = PBXFileReference; fileEncoding = 4; lastKnownFileType = sourcecode.swift; path = "String+Extension.swift"; sourceTree = "<group>"; };
		496E160F1C09E241001CB058 /* Hintable.swift */ = {isa = PBXFileReference; fileEncoding = 4; lastKnownFileType = sourcecode.swift; name = Hintable.swift; path = Shared/Hintable.swift; sourceTree = "<group>"; };
		496E16341C0A23CE001CB058 /* TopShelf.appex */ = {isa = PBXFileReference; explicitFileType = "wrapper.app-extension"; includeInIndex = 0; path = TopShelf.appex; sourceTree = BUILT_PRODUCTS_DIR; };
		496E16361C0A23CE001CB058 /* TVServices.framework */ = {isa = PBXFileReference; lastKnownFileType = wrapper.framework; name = TVServices.framework; path = System/Library/Frameworks/TVServices.framework; sourceTree = SDKROOT; };
		496E16391C0A23CE001CB058 /* ServiceProvider.swift */ = {isa = PBXFileReference; lastKnownFileType = sourcecode.swift; path = ServiceProvider.swift; sourceTree = "<group>"; };
		496E16431C0A2541001CB058 /* Info.plist */ = {isa = PBXFileReference; fileEncoding = 4; lastKnownFileType = text.plist.xml; path = Info.plist; sourceTree = "<group>"; };
		4981BA641C0891C3005D83E4 /* Puzzle.swift */ = {isa = PBXFileReference; fileEncoding = 4; lastKnownFileType = sourcecode.swift; name = Puzzle.swift; path = Shared/Puzzle.swift; sourceTree = "<group>"; };
		4981BA661C0891E8005D83E4 /* UIImage+Extension.swift */ = {isa = PBXFileReference; fileEncoding = 4; lastKnownFileType = sourcecode.swift; name = "UIImage+Extension.swift"; path = "Shared/UIImage+Extension.swift"; sourceTree = "<group>"; };
		4981BA681C0891EF005D83E4 /* Math.swift */ = {isa = PBXFileReference; fileEncoding = 4; lastKnownFileType = sourcecode.swift; name = Math.swift; path = Shared/Math.swift; sourceTree = "<group>"; };
		4981BA6A1C0891FB005D83E4 /* Constants.swift */ = {isa = PBXFileReference; fileEncoding = 4; lastKnownFileType = sourcecode.swift; name = Constants.swift; path = Shared/Constants.swift; sourceTree = "<group>"; };
		4981BA711C08923A005D83E4 /* Assets.xcassets */ = {isa = PBXFileReference; lastKnownFileType = folder.assetcatalog; name = Assets.xcassets; path = Shared/Assets.xcassets; sourceTree = "<group>"; };
		4981BA791C0892A0005D83E4 /* AppDelegate.swift */ = {isa = PBXFileReference; fileEncoding = 4; lastKnownFileType = sourcecode.swift; path = AppDelegate.swift; sourceTree = "<group>"; };
		4981BA7B1C0893E9005D83E4 /* GameViewController.swift */ = {isa = PBXFileReference; fileEncoding = 4; lastKnownFileType = sourcecode.swift; path = GameViewController.swift; sourceTree = "<group>"; tabWidth = 1; };
		4981BA7E1C089411005D83E4 /* PuzzleCollectionViewCell.swift */ = {isa = PBXFileReference; fileEncoding = 4; lastKnownFileType = sourcecode.swift; path = PuzzleCollectionViewCell.swift; sourceTree = "<group>"; };
		49ADD96D1C024C53008D9B91 /* Fif-tvOS.app */ = {isa = PBXFileReference; explicitFileType = wrapper.application; includeInIndex = 0; path = "Fif-tvOS.app"; sourceTree = BUILT_PRODUCTS_DIR; };
		49ADD97B1C024C54008D9B91 /* Base */ = {isa = PBXFileReference; lastKnownFileType = file.storyboard; name = Base; path = Base.lproj/Main.storyboard; sourceTree = "<group>"; };
		49ADD97D1C024C54008D9B91 /* Assets.xcassets */ = {isa = PBXFileReference; lastKnownFileType = folder.assetcatalog; path = Assets.xcassets; sourceTree = "<group>"; };
		49ADD97F1C024C54008D9B91 /* Info.plist */ = {isa = PBXFileReference; lastKnownFileType = text.plist.xml; path = Info.plist; sourceTree = "<group>"; };
		49ADD9901C025622008D9B91 /* PuzzleCollectionViewCell.swift */ = {isa = PBXFileReference; fileEncoding = 4; lastKnownFileType = sourcecode.swift; path = PuzzleCollectionViewCell.swift; sourceTree = "<group>"; };
		49C6EAA41C09B3E700F142FF /* Int+Extension.swift */ = {isa = PBXFileReference; fileEncoding = 4; lastKnownFileType = sourcecode.swift; name = "Int+Extension.swift"; path = "Shared/Int+Extension.swift"; sourceTree = "<group>"; };
		49C6EAE31C09DDA700F142FF /* TouchButton.swift */ = {isa = PBXFileReference; fileEncoding = 4; lastKnownFileType = sourcecode.swift; name = TouchButton.swift; path = Shared/TouchButton.swift; sourceTree = "<group>"; };
		49C6EAE91C09DE4500F142FF /* TouchButtonDelegate.swift */ = {isa = PBXFileReference; fileEncoding = 4; lastKnownFileType = sourcecode.swift; name = TouchButtonDelegate.swift; path = Shared/TouchButtonDelegate.swift; sourceTree = "<group>"; };
		49CF66C41C088D97007A9A8A /* GameViewController.swift */ = {isa = PBXFileReference; fileEncoding = 4; lastKnownFileType = sourcecode.swift; path = GameViewController.swift; sourceTree = "<group>"; };
		49CF66CF1C089098007A9A8A /* Fif-iOS.app */ = {isa = PBXFileReference; explicitFileType = wrapper.application; includeInIndex = 0; path = "Fif-iOS.app"; sourceTree = BUILT_PRODUCTS_DIR; };
		49CF66D11C089098007A9A8A /* AppDelegate.swift */ = {isa = PBXFileReference; lastKnownFileType = sourcecode.swift; path = AppDelegate.swift; sourceTree = "<group>"; };
		49CF66D61C089098007A9A8A /* Base */ = {isa = PBXFileReference; lastKnownFileType = file.storyboard; name = Base; path = Base.lproj/Main.storyboard; sourceTree = "<group>"; };
		49CF66D81C089098007A9A8A /* Assets.xcassets */ = {isa = PBXFileReference; lastKnownFileType = folder.assetcatalog; path = Assets.xcassets; sourceTree = "<group>"; };
		49CF66DB1C089098007A9A8A /* Base */ = {isa = PBXFileReference; lastKnownFileType = file.storyboard; name = Base; path = Base.lproj/LaunchScreen.storyboard; sourceTree = "<group>"; };
		49CF66DD1C089098007A9A8A /* Info.plist */ = {isa = PBXFileReference; lastKnownFileType = text.plist.xml; path = Info.plist; sourceTree = "<group>"; };
/* End PBXFileReference section */

/* Begin PBXFrameworksBuildPhase section */
		496E16311C0A23CE001CB058 /* Frameworks */ = {
			isa = PBXFrameworksBuildPhase;
			buildActionMask = 2147483647;
			files = (
				496E16371C0A23CE001CB058 /* TVServices.framework in Frameworks */,
			);
			runOnlyForDeploymentPostprocessing = 0;
		};
		49ADD96A1C024C53008D9B91 /* Frameworks */ = {
			isa = PBXFrameworksBuildPhase;
			buildActionMask = 2147483647;
			files = (
			);
			runOnlyForDeploymentPostprocessing = 0;
		};
		49CF66CC1C089098007A9A8A /* Frameworks */ = {
			isa = PBXFrameworksBuildPhase;
			buildActionMask = 2147483647;
			files = (
			);
			runOnlyForDeploymentPostprocessing = 0;
		};
/* End PBXFrameworksBuildPhase section */

/* Begin PBXGroup section */
		496E160E1C09E23B001CB058 /* Protocols */ = {
			isa = PBXGroup;
			children = (
				496E160F1C09E241001CB058 /* Hintable.swift */,
			);
			name = Protocols;
			sourceTree = "<group>";
		};
		496E16351C0A23CE001CB058 /* Frameworks */ = {
			isa = PBXGroup;
			children = (
				496E16361C0A23CE001CB058 /* TVServices.framework */,
			);
			name = Frameworks;
			sourceTree = "<group>";
		};
		496E16381C0A23CE001CB058 /* Fif-tvOS-Top-Shelf */ = {
			isa = PBXGroup;
			children = (
				496E16391C0A23CE001CB058 /* ServiceProvider.swift */,
				496E16431C0A2541001CB058 /* Info.plist */,
			);
			path = "Fif-tvOS-Top-Shelf";
			sourceTree = "<group>";
		};
		49ADD9641C024C53008D9B91 = {
			isa = PBXGroup;
			children = (
				49CF66C61C089002007A9A8A /* Fif */,
				496E16351C0A23CE001CB058 /* Frameworks */,
				49ADD96E1C024C53008D9B91 /* Products */,
			);
			sourceTree = "<group>";
		};
		49ADD96E1C024C53008D9B91 /* Products */ = {
			isa = PBXGroup;
			children = (
				49ADD96D1C024C53008D9B91 /* Fif-tvOS.app */,
				49CF66CF1C089098007A9A8A /* Fif-iOS.app */,
				496E16341C0A23CE001CB058 /* TopShelf.appex */,
			);
			name = Products;
			sourceTree = "<group>";
		};
		49ADD96F1C024C53008D9B91 /* Fif-tvOS */ = {
			isa = PBXGroup;
			children = (
				4981BA791C0892A0005D83E4 /* AppDelegate.swift */,
				49ADD97A1C024C54008D9B91 /* Main.storyboard */,
				49CF66C41C088D97007A9A8A /* GameViewController.swift */,
				49ADD9901C025622008D9B91 /* PuzzleCollectionViewCell.swift */,
				49ADD9871C024C78008D9B91 /* Supporting Files */,
			);
			path = "Fif-tvOS";
			sourceTree = "<group>";
		};
		49ADD9871C024C78008D9B91 /* Supporting Files */ = {
			isa = PBXGroup;
			children = (
				49ADD97D1C024C54008D9B91 /* Assets.xcassets */,
				49ADD97F1C024C54008D9B91 /* Info.plist */,
			);
			name = "Supporting Files";
			sourceTree = "<group>";
		};
		49C6EAE21C09DD9600F142FF /* Subclasses */ = {
			isa = PBXGroup;
			children = (
				49C6EAE31C09DDA700F142FF /* TouchButton.swift */,
				49C6EAE91C09DE4500F142FF /* TouchButtonDelegate.swift */,
			);
			name = Subclasses;
			sourceTree = "<group>";
		};
		49CF66C61C089002007A9A8A /* Fif */ = {
			isa = PBXGroup;
			children = (
				49CF66C71C08900C007A9A8A /* Shared */,
				49ADD96F1C024C53008D9B91 /* Fif-tvOS */,
				496E16381C0A23CE001CB058 /* Fif-tvOS-Top-Shelf */,
				49CF66D01C089098007A9A8A /* Fif-iOS */,
			);
			name = Fif;
			sourceTree = "<group>";
		};
		49CF66C71C08900C007A9A8A /* Shared */ = {
			isa = PBXGroup;
			children = (
				49CF66C81C08903F007A9A8A /* Model */,
				49CF66C91C08904A007A9A8A /* Extensions */,
				496E160E1C09E23B001CB058 /* Protocols */,
				49C6EAE21C09DD9600F142FF /* Subclasses */,
				49CF66CA1C089063007A9A8A /* Supporting Files */,
			);
			name = Shared;
			sourceTree = "<group>";
		};
		49CF66C81C08903F007A9A8A /* Model */ = {
			isa = PBXGroup;
			children = (
				4981BA641C0891C3005D83E4 /* Puzzle.swift */,
			);
			name = Model;
			sourceTree = "<group>";
		};
		49CF66C91C08904A007A9A8A /* Extensions */ = {
			isa = PBXGroup;
			children = (
				4981BA661C0891E8005D83E4 /* UIImage+Extension.swift */,
				49C6EAA41C09B3E700F142FF /* Int+Extension.swift */,
				4900482F1C09358900CD08E0 /* UICollectionView+Extension.swift */,
				490048311C093A3D00CD08E0 /* NSIndexPath+Extension.swift */,
				4981BA681C0891EF005D83E4 /* Math.swift */,
				491CCD621C0A4E130026192D /* String+Extension.swift */,
			);
			name = Extensions;
			sourceTree = "<group>";
		};
		49CF66CA1C089063007A9A8A /* Supporting Files */ = {
			isa = PBXGroup;
			children = (
				4981BA6A1C0891FB005D83E4 /* Constants.swift */,
				4981BA711C08923A005D83E4 /* Assets.xcassets */,
			);
			name = "Supporting Files";
			sourceTree = "<group>";
		};
		49CF66D01C089098007A9A8A /* Fif-iOS */ = {
			isa = PBXGroup;
			children = (
				49CF66D11C089098007A9A8A /* AppDelegate.swift */,
				49CF66D51C089098007A9A8A /* Main.storyboard */,
				4981BA7B1C0893E9005D83E4 /* GameViewController.swift */,
				4981BA7E1C089411005D83E4 /* PuzzleCollectionViewCell.swift */,
				49CF66E11C0890FC007A9A8A /* Supporting Files */,
			);
			path = "Fif-iOS";
			sourceTree = "<group>";
		};
		49CF66E11C0890FC007A9A8A /* Supporting Files */ = {
			isa = PBXGroup;
			children = (
				49CF66D81C089098007A9A8A /* Assets.xcassets */,
				49CF66DA1C089098007A9A8A /* LaunchScreen.storyboard */,
				49CF66DD1C089098007A9A8A /* Info.plist */,
			);
			name = "Supporting Files";
			sourceTree = "<group>";
		};
/* End PBXGroup section */

/* Begin PBXNativeTarget section */
		496E16331C0A23CE001CB058 /* TopShelf */ = {
			isa = PBXNativeTarget;
			buildConfigurationList = 496E16411C0A23CE001CB058 /* Build configuration list for PBXNativeTarget "TopShelf" */;
			buildPhases = (
				496E16301C0A23CE001CB058 /* Sources */,
				496E16311C0A23CE001CB058 /* Frameworks */,
				496E16321C0A23CE001CB058 /* Resources */,
			);
			buildRules = (
			);
			dependencies = (
			);
			name = TopShelf;
			productName = TopShelf;
			productReference = 496E16341C0A23CE001CB058 /* TopShelf.appex */;
			productType = "com.apple.product-type.tv-app-extension";
		};
		49ADD96C1C024C53008D9B91 /* Fif-tvOS */ = {
			isa = PBXNativeTarget;
			buildConfigurationList = 49ADD9821C024C54008D9B91 /* Build configuration list for PBXNativeTarget "Fif-tvOS" */;
			buildPhases = (
				49ADD9691C024C53008D9B91 /* Sources */,
				49ADD96A1C024C53008D9B91 /* Frameworks */,
				49ADD96B1C024C53008D9B91 /* Resources */,
				496E16421C0A23CE001CB058 /* Embed App Extensions */,
			);
			buildRules = (
			);
			dependencies = (
				496E163D1C0A23CE001CB058 /* PBXTargetDependency */,
			);
			name = "Fif-tvOS";
			productName = Fif;
			productReference = 49ADD96D1C024C53008D9B91 /* Fif-tvOS.app */;
			productType = "com.apple.product-type.application";
		};
		49CF66CE1C089098007A9A8A /* Fif-iOS */ = {
			isa = PBXNativeTarget;
			buildConfigurationList = 49CF66DE1C089098007A9A8A /* Build configuration list for PBXNativeTarget "Fif-iOS" */;
			buildPhases = (
				49CF66CB1C089098007A9A8A /* Sources */,
				49CF66CC1C089098007A9A8A /* Frameworks */,
				49CF66CD1C089098007A9A8A /* Resources */,
			);
			buildRules = (
			);
			dependencies = (
			);
			name = "Fif-iOS";
			productName = "Fif-iOS";
			productReference = 49CF66CF1C089098007A9A8A /* Fif-iOS.app */;
			productType = "com.apple.product-type.application";
		};
/* End PBXNativeTarget section */

/* Begin PBXProject section */
		49ADD9651C024C53008D9B91 /* Project object */ = {
			isa = PBXProject;
			attributes = {
				LastSwiftUpdateCheck = 0710;
				LastUpgradeCheck = 0710;
				ORGANIZATIONNAME = "Bas Broek";
				TargetAttributes = {
					496E16331C0A23CE001CB058 = {
						CreatedOnToolsVersion = 7.1.1;
					};
					49ADD96C1C024C53008D9B91 = {
						CreatedOnToolsVersion = 7.1.1;
					};
					49CF66CE1C089098007A9A8A = {
						CreatedOnToolsVersion = 7.1.1;
					};
				};
			};
			buildConfigurationList = 49ADD9681C024C53008D9B91 /* Build configuration list for PBXProject "Fif" */;
			compatibilityVersion = "Xcode 3.2";
			developmentRegion = English;
			hasScannedForEncodings = 0;
			knownRegions = (
				en,
				Base,
			);
			mainGroup = 49ADD9641C024C53008D9B91;
			productRefGroup = 49ADD96E1C024C53008D9B91 /* Products */;
			projectDirPath = "";
			projectRoot = "";
			targets = (
				49ADD96C1C024C53008D9B91 /* Fif-tvOS */,
				49CF66CE1C089098007A9A8A /* Fif-iOS */,
				496E16331C0A23CE001CB058 /* TopShelf */,
			);
		};
/* End PBXProject section */

/* Begin PBXResourcesBuildPhase section */
		496E16321C0A23CE001CB058 /* Resources */ = {
			isa = PBXResourcesBuildPhase;
			buildActionMask = 2147483647;
			files = (
			);
			runOnlyForDeploymentPostprocessing = 0;
		};
		49ADD96B1C024C53008D9B91 /* Resources */ = {
			isa = PBXResourcesBuildPhase;
			buildActionMask = 2147483647;
			files = (
				496E16441C0A2541001CB058 /* Info.plist in Resources */,
				49ADD97C1C024C54008D9B91 /* Main.storyboard in Resources */,
				49ADD97E1C024C54008D9B91 /* Assets.xcassets in Resources */,
				4981BA721C08923A005D83E4 /* Assets.xcassets in Resources */,
			);
			runOnlyForDeploymentPostprocessing = 0;
		};
		49CF66CD1C089098007A9A8A /* Resources */ = {
			isa = PBXResourcesBuildPhase;
			buildActionMask = 2147483647;
			files = (
				49CF66DC1C089098007A9A8A /* LaunchScreen.storyboard in Resources */,
				49CF66D91C089098007A9A8A /* Assets.xcassets in Resources */,
				49CF66D71C089098007A9A8A /* Main.storyboard in Resources */,
				4981BA731C08923A005D83E4 /* Assets.xcassets in Resources */,
			);
			runOnlyForDeploymentPostprocessing = 0;
		};
/* End PBXResourcesBuildPhase section */

/* Begin PBXSourcesBuildPhase section */
		496E16301C0A23CE001CB058 /* Sources */ = {
			isa = PBXSourcesBuildPhase;
			buildActionMask = 2147483647;
			files = (
				491CCD641C0A4E420026192D /* String+Extension.swift in Sources */,
				496E163A1C0A23CE001CB058 /* ServiceProvider.swift in Sources */,
				493CAB7A1C0A270000D8F9A1 /* Puzzle.swift in Sources */,
				493CAB7B1C0A293B00D8F9A1 /* Constants.swift in Sources */,
			);
			runOnlyForDeploymentPostprocessing = 0;
		};
		49ADD9691C024C53008D9B91 /* Sources */ = {
			isa = PBXSourcesBuildPhase;
			buildActionMask = 2147483647;
			files = (
				490048301C09358900CD08E0 /* UICollectionView+Extension.swift in Sources */,
				49CF66C51C088D97007A9A8A /* GameViewController.swift in Sources */,
				4981BA651C0891C3005D83E4 /* Puzzle.swift in Sources */,
				4981BA671C0891E8005D83E4 /* UIImage+Extension.swift in Sources */,
				49ADD9911C025622008D9B91 /* PuzzleCollectionViewCell.swift in Sources */,
				49C6EAA51C09B3E700F142FF /* Int+Extension.swift in Sources */,
				4981BA7A1C0892A0005D83E4 /* AppDelegate.swift in Sources */,
				490048321C093A3D00CD08E0 /* NSIndexPath+Extension.swift in Sources */,
				491CCD631C0A4E130026192D /* String+Extension.swift in Sources */,
				4981BA691C0891EF005D83E4 /* Math.swift in Sources */,
				4981BA6B1C0891FB005D83E4 /* Constants.swift in Sources */,
				496E16101C09E241001CB058 /* Hintable.swift in Sources */,
				49C6EAEA1C09DE4500F142FF /* TouchButtonDelegate.swift in Sources */,
				49C6EAE41C09DDA700F142FF /* TouchButton.swift in Sources */,
			);
			runOnlyForDeploymentPostprocessing = 0;
		};
		49CF66CB1C089098007A9A8A /* Sources */ = {
			isa = PBXSourcesBuildPhase;
			buildActionMask = 2147483647;
			files = (
				4981BA6F1C089207005D83E4 /* Puzzle.swift in Sources */,
				49CF66D21C089098007A9A8A /* AppDelegate.swift in Sources */,
				4981BA6C1C0891FB005D83E4 /* Constants.swift in Sources */,
				496E16111C09E24A001CB058 /* Hintable.swift in Sources */,
				491CCD651C0A4E430026192D /* String+Extension.swift in Sources */,
				4981BA6D1C089202005D83E4 /* Math.swift in Sources */,
				49C6EAE81C09DDE800F142FF /* Int+Extension.swift in Sources */,
				4981BA7D1C0893FA005D83E4 /* GameViewController.swift in Sources */,
				49C6EAE71C09DDE600F142FF /* UICollectionView+Extension.swift in Sources */,
				49C6EAE61C09DDE400F142FF /* NSIndexPath+Extension.swift in Sources */,
				4981BA7F1C089411005D83E4 /* PuzzleCollectionViewCell.swift in Sources */,
				4981BA6E1C089204005D83E4 /* UIImage+Extension.swift in Sources */,
			);
			runOnlyForDeploymentPostprocessing = 0;
		};
/* End PBXSourcesBuildPhase section */

/* Begin PBXTargetDependency section */
		496E163D1C0A23CE001CB058 /* PBXTargetDependency */ = {
			isa = PBXTargetDependency;
			target = 496E16331C0A23CE001CB058 /* TopShelf */;
			targetProxy = 496E163C1C0A23CE001CB058 /* PBXContainerItemProxy */;
		};
/* End PBXTargetDependency section */

/* Begin PBXVariantGroup section */
		49ADD97A1C024C54008D9B91 /* Main.storyboard */ = {
			isa = PBXVariantGroup;
			children = (
				49ADD97B1C024C54008D9B91 /* Base */,
			);
			name = Main.storyboard;
			sourceTree = "<group>";
		};
		49CF66D51C089098007A9A8A /* Main.storyboard */ = {
			isa = PBXVariantGroup;
			children = (
				49CF66D61C089098007A9A8A /* Base */,
			);
			name = Main.storyboard;
			sourceTree = "<group>";
		};
		49CF66DA1C089098007A9A8A /* LaunchScreen.storyboard */ = {
			isa = PBXVariantGroup;
			children = (
				49CF66DB1C089098007A9A8A /* Base */,
			);
			name = LaunchScreen.storyboard;
			sourceTree = "<group>";
		};
/* End PBXVariantGroup section */

/* Begin XCBuildConfiguration section */
		496E163F1C0A23CE001CB058 /* Debug */ = {
			isa = XCBuildConfiguration;
			buildSettings = {
				DEBUG_INFORMATION_FORMAT = dwarf;
				INFOPLIST_FILE = "Fif-tvOS-Top-Shelf/Info.plist";
				LD_RUNPATH_SEARCH_PATHS = "$(inherited) @executable_path/Frameworks @executable_path/../../Frameworks";
				PRODUCT_BUNDLE_IDENTIFIER = "nl.basbroek.Fif-tvOS.TopShelf";
				PRODUCT_NAME = "$(TARGET_NAME)";
				SKIP_INSTALL = YES;
			};
			name = Debug;
		};
		496E16401C0A23CE001CB058 /* Release */ = {
			isa = XCBuildConfiguration;
			buildSettings = {
				INFOPLIST_FILE = "Fif-tvOS-Top-Shelf/Info.plist";
				LD_RUNPATH_SEARCH_PATHS = "$(inherited) @executable_path/Frameworks @executable_path/../../Frameworks";
				PRODUCT_BUNDLE_IDENTIFIER = "nl.basbroek.Fif-tvOS.TopShelf";
				PRODUCT_NAME = "$(TARGET_NAME)";
				SKIP_INSTALL = YES;
			};
			name = Release;
		};
		49ADD9801C024C54008D9B91 /* Debug */ = {
			isa = XCBuildConfiguration;
			buildSettings = {
				ALWAYS_SEARCH_USER_PATHS = NO;
				CLANG_CXX_LANGUAGE_STANDARD = "gnu++0x";
				CLANG_CXX_LIBRARY = "libc++";
				CLANG_ENABLE_MODULES = YES;
				CLANG_ENABLE_OBJC_ARC = YES;
				CLANG_WARN_BOOL_CONVERSION = YES;
				CLANG_WARN_CONSTANT_CONVERSION = YES;
				CLANG_WARN_DIRECT_OBJC_ISA_USAGE = YES_ERROR;
				CLANG_WARN_EMPTY_BODY = YES;
				CLANG_WARN_ENUM_CONVERSION = YES;
				CLANG_WARN_INT_CONVERSION = YES;
				CLANG_WARN_OBJC_ROOT_CLASS = YES_ERROR;
				CLANG_WARN_UNREACHABLE_CODE = YES;
				CLANG_WARN__DUPLICATE_METHOD_MATCH = YES;
				COPY_PHASE_STRIP = NO;
				DEBUG_INFORMATION_FORMAT = "dwarf-with-dsym";
				ENABLE_STRICT_OBJC_MSGSEND = YES;
				ENABLE_TESTABILITY = YES;
				GCC_C_LANGUAGE_STANDARD = gnu99;
				GCC_DYNAMIC_NO_PIC = NO;
				GCC_NO_COMMON_BLOCKS = YES;
				GCC_OPTIMIZATION_LEVEL = 0;
				GCC_PREPROCESSOR_DEFINITIONS = (
					"DEBUG=1",
					"$(inherited)",
				);
				GCC_WARN_64_TO_32_BIT_CONVERSION = YES;
				GCC_WARN_ABOUT_RETURN_TYPE = YES_ERROR;
				GCC_WARN_UNDECLARED_SELECTOR = YES;
				GCC_WARN_UNINITIALIZED_AUTOS = YES_AGGRESSIVE;
				GCC_WARN_UNUSED_FUNCTION = YES;
				GCC_WARN_UNUSED_VARIABLE = YES;
				MTL_ENABLE_DEBUG_INFO = YES;
				ONLY_ACTIVE_ARCH = YES;
				SDKROOT = appletvos;
				SWIFT_OPTIMIZATION_LEVEL = "-Onone";
				TARGETED_DEVICE_FAMILY = 3;
				TVOS_DEPLOYMENT_TARGET = 9.0;
			};
			name = Debug;
		};
		49ADD9811C024C54008D9B91 /* Release */ = {
			isa = XCBuildConfiguration;
			buildSettings = {
				ALWAYS_SEARCH_USER_PATHS = NO;
				CLANG_CXX_LANGUAGE_STANDARD = "gnu++0x";
				CLANG_CXX_LIBRARY = "libc++";
				CLANG_ENABLE_MODULES = YES;
				CLANG_ENABLE_OBJC_ARC = YES;
				CLANG_WARN_BOOL_CONVERSION = YES;
				CLANG_WARN_CONSTANT_CONVERSION = YES;
				CLANG_WARN_DIRECT_OBJC_ISA_USAGE = YES_ERROR;
				CLANG_WARN_EMPTY_BODY = YES;
				CLANG_WARN_ENUM_CONVERSION = YES;
				CLANG_WARN_INT_CONVERSION = YES;
				CLANG_WARN_OBJC_ROOT_CLASS = YES_ERROR;
				CLANG_WARN_UNREACHABLE_CODE = YES;
				CLANG_WARN__DUPLICATE_METHOD_MATCH = YES;
				COPY_PHASE_STRIP = NO;
				DEBUG_INFORMATION_FORMAT = "dwarf-with-dsym";
				ENABLE_NS_ASSERTIONS = NO;
				ENABLE_STRICT_OBJC_MSGSEND = YES;
				GCC_C_LANGUAGE_STANDARD = gnu99;
				GCC_NO_COMMON_BLOCKS = YES;
				GCC_WARN_64_TO_32_BIT_CONVERSION = YES;
				GCC_WARN_ABOUT_RETURN_TYPE = YES_ERROR;
				GCC_WARN_UNDECLARED_SELECTOR = YES;
				GCC_WARN_UNINITIALIZED_AUTOS = YES_AGGRESSIVE;
				GCC_WARN_UNUSED_FUNCTION = YES;
				GCC_WARN_UNUSED_VARIABLE = YES;
				MTL_ENABLE_DEBUG_INFO = NO;
				SDKROOT = appletvos;
				TARGETED_DEVICE_FAMILY = 3;
				TVOS_DEPLOYMENT_TARGET = 9.0;
				VALIDATE_PRODUCT = YES;
			};
			name = Release;
		};
		49ADD9831C024C54008D9B91 /* Debug */ = {
			isa = XCBuildConfiguration;
			buildSettings = {
				ASSETCATALOG_COMPILER_APPICON_NAME = "App Icon & Top Shelf Image";
				ASSETCATALOG_COMPILER_LAUNCHIMAGE_NAME = LaunchImage;
				EMBEDDED_CONTENT_CONTAINS_SWIFT = YES;
				INFOPLIST_FILE = "Fif-tvOS/Info.plist";
				LD_RUNPATH_SEARCH_PATHS = "$(inherited) @executable_path/Frameworks";
				PRODUCT_BUNDLE_IDENTIFIER = "nl.basbroek.Fif-tvOS";
				PRODUCT_NAME = "$(TARGET_NAME)";
			};
			name = Debug;
		};
		49ADD9841C024C54008D9B91 /* Release */ = {
			isa = XCBuildConfiguration;
			buildSettings = {
				ASSETCATALOG_COMPILER_APPICON_NAME = "App Icon & Top Shelf Image";
				ASSETCATALOG_COMPILER_LAUNCHIMAGE_NAME = LaunchImage;
				EMBEDDED_CONTENT_CONTAINS_SWIFT = YES;
				INFOPLIST_FILE = "Fif-tvOS/Info.plist";
				LD_RUNPATH_SEARCH_PATHS = "$(inherited) @executable_path/Frameworks";
				PRODUCT_BUNDLE_IDENTIFIER = "nl.basbroek.Fif-tvOS";
				PRODUCT_NAME = "$(TARGET_NAME)";
			};
			name = Release;
		};
		49CF66DF1C089098007A9A8A /* Debug */ = {
			isa = XCBuildConfiguration;
			buildSettings = {
				ASSETCATALOG_COMPILER_APPICON_NAME = AppIcon;
				"CODE_SIGN_IDENTITY[sdk=iphoneos*]" = "iPhone Developer";
				DEBUG_INFORMATION_FORMAT = dwarf;
				INFOPLIST_FILE = "Fif-iOS/Info.plist";
				IPHONEOS_DEPLOYMENT_TARGET = 9.1;
				LD_RUNPATH_SEARCH_PATHS = "$(inherited) @executable_path/Frameworks";
				PRODUCT_BUNDLE_IDENTIFIER = "nl.basbroek.Fif-iOS";
				PRODUCT_NAME = "$(TARGET_NAME)";
				SDKROOT = iphoneos;
				TARGETED_DEVICE_FAMILY = "1,2";
			};
			name = Debug;
		};
		49CF66E01C089098007A9A8A /* Release */ = {
			isa = XCBuildConfiguration;
			buildSettings = {
				ASSETCATALOG_COMPILER_APPICON_NAME = AppIcon;
				"CODE_SIGN_IDENTITY[sdk=iphoneos*]" = "iPhone Developer";
				INFOPLIST_FILE = "Fif-iOS/Info.plist";
				IPHONEOS_DEPLOYMENT_TARGET = 9.1;
				LD_RUNPATH_SEARCH_PATHS = "$(inherited) @executable_path/Frameworks";
				PRODUCT_BUNDLE_IDENTIFIER = "nl.basbroek.Fif-iOS";
				PRODUCT_NAME = "$(TARGET_NAME)";
				SDKROOT = iphoneos;
				TARGETED_DEVICE_FAMILY = "1,2";
			};
			name = Release;
		};
/* End XCBuildConfiguration section */

/* Begin XCConfigurationList section */
		496E16411C0A23CE001CB058 /* Build configuration list for PBXNativeTarget "TopShelf" */ = {
			isa = XCConfigurationList;
			buildConfigurations = (
				496E163F1C0A23CE001CB058 /* Debug */,
				496E16401C0A23CE001CB058 /* Release */,
			);
			defaultConfigurationIsVisible = 0;
			defaultConfigurationName = Release;
		};
		49ADD9681C024C53008D9B91 /* Build configuration list for PBXProject "Fif" */ = {
			isa = XCConfigurationList;
			buildConfigurations = (
				49ADD9801C024C54008D9B91 /* Debug */,
				49ADD9811C024C54008D9B91 /* Release */,
			);
			defaultConfigurationIsVisible = 0;
			defaultConfigurationName = Release;
		};
		49ADD9821C024C54008D9B91 /* Build configuration list for PBXNativeTarget "Fif-tvOS" */ = {
			isa = XCConfigurationList;
			buildConfigurations = (
				49ADD9831C024C54008D9B91 /* Debug */,
				49ADD9841C024C54008D9B91 /* Release */,
			);
			defaultConfigurationIsVisible = 0;
			defaultConfigurationName = Release;
		};
		49CF66DE1C089098007A9A8A /* Build configuration list for PBXNativeTarget "Fif-iOS" */ = {
			isa = XCConfigurationList;
			buildConfigurations = (
				49CF66DF1C089098007A9A8A /* Debug */,
				49CF66E01C089098007A9A8A /* Release */,
			);
			defaultConfigurationIsVisible = 0;
			defaultConfigurationName = Release;
		};
/* End XCConfigurationList section */
	};
	rootObject = 49ADD9651C024C53008D9B91 /* Project object */;
}
